{
  "version": "3",
  "packages": {
    "specifiers": {
      "jsr:@std/assert@1": "jsr:@std/assert@1.0.2",
      "jsr:@std/internal@^1.0.1": "jsr:@std/internal@1.0.1",
      "npm:yarn-bound": "npm:yarn-bound@0.5.4",
      "npm:yarn-bound@0.5.4": "npm:yarn-bound@0.5.4"
    },
    "jsr": {
      "@std/assert@1.0.2": {
        "integrity": "ccacec332958126deaceb5c63ff8b4eaf9f5ed0eac9feccf124110435e59e49c",
        "dependencies": [
          "jsr:@std/internal@^1.0.1"
        ]
      },
      "@std/internal@1.0.1": {
        "integrity": "6f8c7544d06a11dd256c8d6ba54b11ed870aac6c5aeafff499892662c57673e6"
      }
    },
    "npm": {
      "@mnbroatch/bondage@4.2.4": {
        "integrity": "sha512-cPN7T/MqkXoI2Uc79UDw4vzpy8ukMAO7cJwYGb2IUAORhSHvC5XUdE8JnJLvroA1qrMQaYIxkRulV1IhwXOoJQ==",
        "dependencies": {}
      },
      "yarn-bound@0.5.4": {
        "integrity": "sha512-fgydFtorwRutUWJXDTZF1xWLoYTNVQL2GCxVvC0t/0XnQZdN+0y1/SGLaYq+IMpX3If2lgLE7f99IhvDhCx6nQ==",
        "dependencies": {
          "@mnbroatch/bondage": "@mnbroatch/bondage@4.2.4"
        }
      }
    }
  },
  "remote": {}
}
